#
# This file is autogenerated by pip-compile with Python 3.11
# by the following command:
#
#    pip-compile --output-file=requirements.lock requirements.txt
#
aiokafka==0.13.0
    # via -r requirements.txt
annotated-doc==0.0.4
    # via fastapi
annotated-types==0.7.0
    # via pydantic
anyio==4.12.1
    # via starlette
async-timeout==5.0.1
    # via aiokafka
click==8.3.1
    # via uvicorn
cross-web==0.4.1
    # via strawberry-graphql
dependency-injector==4.48.3
    # via -r requirements.txt
edgedb==2.2.0
    # via -r requirements.txt
fastapi==0.128.6
    # via
    #   -r requirements.txt
    #   strawberry-graphql
graphql-core==3.2.7
    # via strawberry-graphql
h11==0.16.0
    # via uvicorn
idna==3.11
    # via anyio
kafka-python==2.3.0
    # via -r requirements.txt
packaging==26.0
    # via
    #   aiokafka
    #   strawberry-graphql
pydantic==2.12.5
    # via fastapi
pydantic-core==2.41.5
    # via pydantic
python-dateutil==2.9.0.post0
    # via strawberry-graphql
python-multipart==0.0.22
    # via strawberry-graphql
six==1.17.0
    # via python-dateutil
starlette==0.52.1
    # via fastapi
strawberry-graphql[fastapi]==0.298.0
    # via -r requirements.txt
typing-extensions==4.15.0
    # via
    #   aiokafka
    #   anyio
    #   cross-web
    #   dependency-injector
    #   fastapi
    #   pydantic
    #   pydantic-core
    #   starlette
    #   strawberry-graphql
    #   typing-inspection
typing-inspection==0.4.2
    # via
    #   fastapi
    #   pydantic
uvicorn==0.40.0
    # via -r requirements.txt
